
Microsoft Visual Studio Solution File, Format Version 12.00
# Visual Studio 15
VisualStudioVersion = 15.0.28307.572
MinimumVisualStudioVersion = 10.0.40219.1
Project("{8BC9CEB8-8B4A-11D0-8D11-00A0C91BC942}") = "练习0604", "练习0604\练习0604.vcxproj", "{DF0F8C16-1F4E-4F60-87F9-2D993E488BB0}"
EndProject
Global
	GlobalSection(SolutionConfigurationPlatforms) = preSolution
		Debug|x64 = Debug|x64
		Debug|x86 = Debug|x86
		Release|x64 = Release|x64
		Release|x86 = Release|x86
	EndGlobalSection
	GlobalSection(ProjectConfigurationPlatforms) = postSolution
		{DF0F8C16-1F4E-4F60-87F9-2D993E488BB0}.Debug|x64.ActiveCfg = Debug|x64
		{DF0F8C16-1F4E-4F60-87F9-2D993E488BB0}.Debug|x64.Build.0 = Debug|x64
		{DF0F8C16-1F4E-4F60-87F9-2D993E488BB0}.Debug|x86.ActiveCfg = Debug|Win32
		{DF0F8C16-1F4E-4F60-87F9-2D993E488BB0}.Debug|x86.Build.0 = Debug|Win32
		{DF0F8C16-1F4E-4F60-87F9-2D993E488BB0}.Release|x64.ActiveCfg = Release|x64
		{DF0F8C16-1F4E-4F60-87F9-2D993E488BB0}.Release|x64.Build.0 = Release|x64
		{DF0F8C16-1F4E-4F60-87F9-2D993E488BB0}.Release|x86.ActiveCfg = Release|Win32
		{DF0F8C16-1F4E-4F60-87F9-2D993E488BB0}.Release|x86.Build.0 = Release|Win32
	EndGlobalSection
	GlobalSection(SolutionProperties) = preSolution
		HideSolutionNode = FALSE
	EndGlobalSection
	GlobalSection(ExtensibilityGlobals) = postSolution
		SolutionGuid = {E0384084-876B-41D0-97A6-C395058F284A}
	EndGlobalSection
EndGlobal
