
Microsoft Visual Studio Solution File, Format Version 12.00
# Visual Studio 15
VisualStudioVersion = 15.0.28307.572
MinimumVisualStudioVersion = 10.0.40219.1
Project("{8BC9CEB8-8B4A-11D0-8D11-00A0C91BC942}") = "练习0530", "练习0530\练习0530.vcxproj", "{95DD26B7-2BA6-455C-BBF8-72D3CCF043C6}"
EndProject
Global
	GlobalSection(SolutionConfigurationPlatforms) = preSolution
		Debug|x64 = Debug|x64
		Debug|x86 = Debug|x86
		Release|x64 = Release|x64
		Release|x86 = Release|x86
	EndGlobalSection
	GlobalSection(ProjectConfigurationPlatforms) = postSolution
		{95DD26B7-2BA6-455C-BBF8-72D3CCF043C6}.Debug|x64.ActiveCfg = Debug|x64
		{95DD26B7-2BA6-455C-BBF8-72D3CCF043C6}.Debug|x64.Build.0 = Debug|x64
		{95DD26B7-2BA6-455C-BBF8-72D3CCF043C6}.Debug|x86.ActiveCfg = Debug|Win32
		{95DD26B7-2BA6-455C-BBF8-72D3CCF043C6}.Debug|x86.Build.0 = Debug|Win32
		{95DD26B7-2BA6-455C-BBF8-72D3CCF043C6}.Release|x64.ActiveCfg = Release|x64
		{95DD26B7-2BA6-455C-BBF8-72D3CCF043C6}.Release|x64.Build.0 = Release|x64
		{95DD26B7-2BA6-455C-BBF8-72D3CCF043C6}.Release|x86.ActiveCfg = Release|Win32
		{95DD26B7-2BA6-455C-BBF8-72D3CCF043C6}.Release|x86.Build.0 = Release|Win32
	EndGlobalSection
	GlobalSection(SolutionProperties) = preSolution
		HideSolutionNode = FALSE
	EndGlobalSection
	GlobalSection(ExtensibilityGlobals) = postSolution
		SolutionGuid = {8018D76E-5BD1-4DDA-935B-179BA770D954}
	EndGlobalSection
EndGlobal
